
Microsoft Visual Studio Solution File, Format Version 12.00
# Visual Studio Version 17
VisualStudioVersion = 17.2.32630.192
MinimumVisualStudioVersion = 10.0.40219.1
Project("{FAE04EC0-301F-11D3-BF4B-00C04F79EFBC}") = "Defender_GUI", "Defender_GUI\Defender_GUI.csproj", "{A5139E7C-996D-4776-AB72-D3F83D93CA31}"
EndProject
Global
	GlobalSection(SolutionConfigurationPlatforms) = preSolution
		Debug|Any CPU = Debug|Any CPU
		Release|Any CPU = Release|Any CPU
	EndGlobalSection
	GlobalSection(ProjectConfigurationPlatforms) = postSolution
		{A5139E7C-996D-4776-AB72-D3F83D93CA31}.Debug|Any CPU.ActiveCfg = Debug|Any CPU
		{A5139E7C-996D-4776-AB72-D3F83D93CA31}.Debug|Any CPU.Build.0 = Debug|Any CPU
		{A5139E7C-996D-4776-AB72-D3F83D93CA31}.Release|Any CPU.ActiveCfg = Release|Any CPU
		{A5139E7C-996D-4776-AB72-D3F83D93CA31}.Release|Any CPU.Build.0 = Release|Any CPU
	EndGlobalSection
	GlobalSection(SolutionProperties) = preSolution
		HideSolutionNode = FALSE
	EndGlobalSection
	GlobalSection(ExtensibilityGlobals) = postSolution
		SolutionGuid = {D7B5B9A1-E7B9-4B83-8A85-3572EC0C0F53}
	EndGlobalSection
EndGlobal
